
Microsoft Visual Studio Solution File, Format Version 12.00
# Visual Studio Version 17
VisualStudioVersion = 17.5.002.0
MinimumVisualStudioVersion = 10.0.40219.1
Project("{9A19103F-16F7-4668-BE54-9A1E7A4F7556}") = "Console", "Console\Console.csproj", "{EAAB6822-E1EC-4969-8FC4-759DB277830B}"
EndProject
Project("{9A19103F-16F7-4668-BE54-9A1E7A4F7556}") = "TicTacToeLib", "TicTacToeLib\TicTacToeLib.csproj", "{35FBF841-6297-4051-A117-753A3AC6D017}"
EndProject
Project("{9A19103F-16F7-4668-BE54-9A1E7A4F7556}") = "TicTacToeTests", "TicTacToeTests\TicTacToeTests.csproj", "{AA2E54D7-3B82-4918-8D45-3CBB699BDFE2}"
EndProject
Global
	GlobalSection(SolutionConfigurationPlatforms) = preSolution
		Debug|Any CPU = Debug|Any CPU
		Release|Any CPU = Release|Any CPU
	EndGlobalSection
	GlobalSection(ProjectConfigurationPlatforms) = postSolution
		{EAAB6822-E1EC-4969-8FC4-759DB277830B}.Debug|Any CPU.ActiveCfg = Debug|Any CPU
		{EAAB6822-E1EC-4969-8FC4-759DB277830B}.Debug|Any CPU.Build.0 = Debug|Any CPU
		{EAAB6822-E1EC-4969-8FC4-759DB277830B}.Release|Any CPU.ActiveCfg = Release|Any CPU
		{EAAB6822-E1EC-4969-8FC4-759DB277830B}.Release|Any CPU.Build.0 = Release|Any CPU
		{35FBF841-6297-4051-A117-753A3AC6D017}.Debug|Any CPU.ActiveCfg = Debug|Any CPU
		{35FBF841-6297-4051-A117-753A3AC6D017}.Debug|Any CPU.Build.0 = Debug|Any CPU
		{35FBF841-6297-4051-A117-753A3AC6D017}.Release|Any CPU.ActiveCfg = Release|Any CPU
		{35FBF841-6297-4051-A117-753A3AC6D017}.Release|Any CPU.Build.0 = Release|Any CPU
		{AA2E54D7-3B82-4918-8D45-3CBB699BDFE2}.Debug|Any CPU.ActiveCfg = Debug|Any CPU
		{AA2E54D7-3B82-4918-8D45-3CBB699BDFE2}.Debug|Any CPU.Build.0 = Debug|Any CPU
		{AA2E54D7-3B82-4918-8D45-3CBB699BDFE2}.Release|Any CPU.ActiveCfg = Release|Any CPU
		{AA2E54D7-3B82-4918-8D45-3CBB699BDFE2}.Release|Any CPU.Build.0 = Release|Any CPU
	EndGlobalSection
	GlobalSection(SolutionProperties) = preSolution
		HideSolutionNode = FALSE
	EndGlobalSection
	GlobalSection(ExtensibilityGlobals) = postSolution
		SolutionGuid = {6493C2EF-E80B-4FFC-876C-69A71BF13505}
	EndGlobalSection
EndGlobal
